
Microsoft Visual Studio Solution File, Format Version 12.00
# Visual Studio Version 17
VisualStudioVersion = 17.1.32328.378
MinimumVisualStudioVersion = 10.0.40219.1
Project("{FAE04EC0-301F-11D3-BF4B-00C04F79EFBC}") = "Floriess_WebApp.Core", "Floriess_WebApp\src\Floriess_WebApp.Core\Floriess_WebApp.Core.csproj", "{8389FACF-6119-47CD-9AB9-B0C68FF8D07A}"
EndProject
Project("{FAE04EC0-301F-11D3-BF4B-00C04F79EFBC}") = "Floriess_WebApp.Infrastructure", "Floriess_WebApp\src\Floriess_WebApp.Infrastructure\Floriess_WebApp.Infrastructure.csproj", "{C7FAABE3-92E7-4BFB-BBC1-4390C1E9D797}"
EndProject
Project("{FAE04EC0-301F-11D3-BF4B-00C04F79EFBC}") = "Floriess_WebApp.SharedKernel", "Floriess_WebApp\src\Floriess_WebApp.SharedKernel\Floriess_WebApp.SharedKernel.csproj", "{25F00C04-56CA-46FB-8A28-8D1A6ABD875B}"
EndProject
Project("{FAE04EC0-301F-11D3-BF4B-00C04F79EFBC}") = "Floriess_WebApp.Web", "Floriess_WebApp\src\Floriess_WebApp.Web\Floriess_WebApp.Web.csproj", "{063D101D-21F3-43C0-8AC9-FB0B6CB1EC36}"
EndProject
Project("{FAE04EC0-301F-11D3-BF4B-00C04F79EFBC}") = "Floriess_WebApp.FunctionalTests", "Floriess_WebApp\tests\Floriess_WebApp.FunctionalTests\Floriess_WebApp.FunctionalTests.csproj", "{6BF9A79A-44A7-4C67-9D88-8D34F9A8CD6A}"
EndProject
Project("{FAE04EC0-301F-11D3-BF4B-00C04F79EFBC}") = "Floriess_WebApp.IntegrationTests", "Floriess_WebApp\tests\Floriess_WebApp.IntegrationTests\Floriess_WebApp.IntegrationTests.csproj", "{1A549600-D7EC-4430-87C4-F4C7CE1BB132}"
EndProject
Project("{FAE04EC0-301F-11D3-BF4B-00C04F79EFBC}") = "Floriess_WebApp.UnitTests", "Floriess_WebApp\tests\Floriess_WebApp.UnitTests\Floriess_WebApp.UnitTests.csproj", "{12B8CCBD-A63F-4D3E-99F1-6A1F5560572D}"
EndProject
Global
	GlobalSection(SolutionConfigurationPlatforms) = preSolution
		Debug|Any CPU = Debug|Any CPU
		Release|Any CPU = Release|Any CPU
	EndGlobalSection
	GlobalSection(ProjectConfigurationPlatforms) = postSolution
		{8389FACF-6119-47CD-9AB9-B0C68FF8D07A}.Debug|Any CPU.ActiveCfg = Debug|Any CPU
		{8389FACF-6119-47CD-9AB9-B0C68FF8D07A}.Debug|Any CPU.Build.0 = Debug|Any CPU
		{8389FACF-6119-47CD-9AB9-B0C68FF8D07A}.Release|Any CPU.ActiveCfg = Release|Any CPU
		{8389FACF-6119-47CD-9AB9-B0C68FF8D07A}.Release|Any CPU.Build.0 = Release|Any CPU
		{C7FAABE3-92E7-4BFB-BBC1-4390C1E9D797}.Debug|Any CPU.ActiveCfg = Debug|Any CPU
		{C7FAABE3-92E7-4BFB-BBC1-4390C1E9D797}.Debug|Any CPU.Build.0 = Debug|Any CPU
		{C7FAABE3-92E7-4BFB-BBC1-4390C1E9D797}.Release|Any CPU.ActiveCfg = Release|Any CPU
		{C7FAABE3-92E7-4BFB-BBC1-4390C1E9D797}.Release|Any CPU.Build.0 = Release|Any CPU
		{25F00C04-56CA-46FB-8A28-8D1A6ABD875B}.Debug|Any CPU.ActiveCfg = Debug|Any CPU
		{25F00C04-56CA-46FB-8A28-8D1A6ABD875B}.Debug|Any CPU.Build.0 = Debug|Any CPU
		{25F00C04-56CA-46FB-8A28-8D1A6ABD875B}.Release|Any CPU.ActiveCfg = Release|Any CPU
		{25F00C04-56CA-46FB-8A28-8D1A6ABD875B}.Release|Any CPU.Build.0 = Release|Any CPU
		{063D101D-21F3-43C0-8AC9-FB0B6CB1EC36}.Debug|Any CPU.ActiveCfg = Debug|Any CPU
		{063D101D-21F3-43C0-8AC9-FB0B6CB1EC36}.Debug|Any CPU.Build.0 = Debug|Any CPU
		{063D101D-21F3-43C0-8AC9-FB0B6CB1EC36}.Release|Any CPU.ActiveCfg = Release|Any CPU
		{063D101D-21F3-43C0-8AC9-FB0B6CB1EC36}.Release|Any CPU.Build.0 = Release|Any CPU
		{6BF9A79A-44A7-4C67-9D88-8D34F9A8CD6A}.Debug|Any CPU.ActiveCfg = Debug|Any CPU
		{6BF9A79A-44A7-4C67-9D88-8D34F9A8CD6A}.Debug|Any CPU.Build.0 = Debug|Any CPU
		{6BF9A79A-44A7-4C67-9D88-8D34F9A8CD6A}.Release|Any CPU.ActiveCfg = Release|Any CPU
		{6BF9A79A-44A7-4C67-9D88-8D34F9A8CD6A}.Release|Any CPU.Build.0 = Release|Any CPU
		{1A549600-D7EC-4430-87C4-F4C7CE1BB132}.Debug|Any CPU.ActiveCfg = Debug|Any CPU
		{1A549600-D7EC-4430-87C4-F4C7CE1BB132}.Debug|Any CPU.Build.0 = Debug|Any CPU
		{1A549600-D7EC-4430-87C4-F4C7CE1BB132}.Release|Any CPU.ActiveCfg = Release|Any CPU
		{1A549600-D7EC-4430-87C4-F4C7CE1BB132}.Release|Any CPU.Build.0 = Release|Any CPU
		{12B8CCBD-A63F-4D3E-99F1-6A1F5560572D}.Debug|Any CPU.ActiveCfg = Debug|Any CPU
		{12B8CCBD-A63F-4D3E-99F1-6A1F5560572D}.Debug|Any CPU.Build.0 = Debug|Any CPU
		{12B8CCBD-A63F-4D3E-99F1-6A1F5560572D}.Release|Any CPU.ActiveCfg = Release|Any CPU
		{12B8CCBD-A63F-4D3E-99F1-6A1F5560572D}.Release|Any CPU.Build.0 = Release|Any CPU
	EndGlobalSection
	GlobalSection(SolutionProperties) = preSolution
		HideSolutionNode = FALSE
	EndGlobalSection
	GlobalSection(ExtensibilityGlobals) = postSolution
		SolutionGuid = {27611C77-63E5-48DD-BC7E-5171E769FC98}
	EndGlobalSection
EndGlobal
